
Microsoft Visual Studio Solution File, Format Version 12.00
# Visual Studio 15
VisualStudioVersion = 15.0.28307.421
MinimumVisualStudioVersion = 10.0.40219.1
Project("{FAE04EC0-301F-11D3-BF4B-00C04F79EFBC}") = "AnubisDBMS", "AnubisDBMS\AnubisDBMS.csproj", "{47D49281-440F-4671-A83B-F6F92813F37C}"
EndProject
Project("{FAE04EC0-301F-11D3-BF4B-00C04F79EFBC}") = "AnubisDBMS.Infraestructure", "AnubisDBMS.Infraestructure\AnubisDBMS.Infraestructure.csproj", "{3C73E1CC-02CE-4DCD-BDDD-5B61A7129D16}"
EndProject
Project("{FAE04EC0-301F-11D3-BF4B-00C04F79EFBC}") = "AnubisDBMS.Infraestructure.Data", "AnubisDBMS.Infraestructure.Data\AnubisDBMS.Infraestructure.Data.csproj", "{ABBFEF5C-69CF-43BF-9788-94314D64FD43}"
EndProject
Project("{FAE04EC0-301F-11D3-BF4B-00C04F79EFBC}") = "AnubisDBMS.Data", "AnubisDBMS.Data\AnubisDBMS.Data.csproj", "{32C337A4-0204-4DB9-A02B-276C555579C2}"
EndProject
Global
	GlobalSection(SolutionConfigurationPlatforms) = preSolution
		Debug|Any CPU = Debug|Any CPU
		Release|Any CPU = Release|Any CPU
	EndGlobalSection
	GlobalSection(ProjectConfigurationPlatforms) = postSolution
		{47D49281-440F-4671-A83B-F6F92813F37C}.Debug|Any CPU.ActiveCfg = Debug|Any CPU
		{47D49281-440F-4671-A83B-F6F92813F37C}.Debug|Any CPU.Build.0 = Debug|Any CPU
		{47D49281-440F-4671-A83B-F6F92813F37C}.Release|Any CPU.ActiveCfg = Release|Any CPU
		{47D49281-440F-4671-A83B-F6F92813F37C}.Release|Any CPU.Build.0 = Release|Any CPU
		{3C73E1CC-02CE-4DCD-BDDD-5B61A7129D16}.Debug|Any CPU.ActiveCfg = Debug|Any CPU
		{3C73E1CC-02CE-4DCD-BDDD-5B61A7129D16}.Debug|Any CPU.Build.0 = Debug|Any CPU
		{3C73E1CC-02CE-4DCD-BDDD-5B61A7129D16}.Release|Any CPU.ActiveCfg = Release|Any CPU
		{3C73E1CC-02CE-4DCD-BDDD-5B61A7129D16}.Release|Any CPU.Build.0 = Release|Any CPU
		{ABBFEF5C-69CF-43BF-9788-94314D64FD43}.Debug|Any CPU.ActiveCfg = Debug|Any CPU
		{ABBFEF5C-69CF-43BF-9788-94314D64FD43}.Debug|Any CPU.Build.0 = Debug|Any CPU
		{ABBFEF5C-69CF-43BF-9788-94314D64FD43}.Release|Any CPU.ActiveCfg = Release|Any CPU
		{ABBFEF5C-69CF-43BF-9788-94314D64FD43}.Release|Any CPU.Build.0 = Release|Any CPU
		{32C337A4-0204-4DB9-A02B-276C555579C2}.Debug|Any CPU.ActiveCfg = Debug|Any CPU
		{32C337A4-0204-4DB9-A02B-276C555579C2}.Debug|Any CPU.Build.0 = Debug|Any CPU
		{32C337A4-0204-4DB9-A02B-276C555579C2}.Release|Any CPU.ActiveCfg = Release|Any CPU
		{32C337A4-0204-4DB9-A02B-276C555579C2}.Release|Any CPU.Build.0 = Release|Any CPU
	EndGlobalSection
	GlobalSection(SolutionProperties) = preSolution
		HideSolutionNode = FALSE
	EndGlobalSection
	GlobalSection(ExtensibilityGlobals) = postSolution
		SolutionGuid = {419686A9-F584-44CA-A367-94F1D67D97BF}
	EndGlobalSection
EndGlobal
